
Microsoft Visual Studio Solution File, Format Version 12.00
# Visual Studio 2012
Project("{FAE04EC0-301F-11D3-BF4B-00C04F79EFBC}") = "ClinicAttendance.Android", "ClinicAttendance.Android\ClinicAttendance.Android.csproj", "{36BDEEE8-BA95-4256-8863-439C32466D7C}"
EndProject
Project("{FAE04EC0-301F-11D3-BF4B-00C04F79EFBC}") = "ClinicAttendance.iOS", "ClinicAttendance.iOS\ClinicAttendance.iOS.csproj", "{8D551604-BD47-4EB5-A81F-03A293F79724}"
EndProject
Project("{FAE04EC0-301F-11D3-BF4B-00C04F79EFBC}") = "ClinicAttendance", "ClinicAttendance\ClinicAttendance.csproj", "{3F920532-8D5F-406C-9D92-DE96A945603F}"
EndProject
Global
	GlobalSection(SolutionConfigurationPlatforms) = preSolution
		Debug|Any CPU = Debug|Any CPU
		Release|Any CPU = Release|Any CPU
		Debug|iPhoneSimulator = Debug|iPhoneSimulator
		Release|iPhoneSimulator = Release|iPhoneSimulator
		Debug|iPhone = Debug|iPhone
		Release|iPhone = Release|iPhone
		Ad-Hoc|iPhone = Ad-Hoc|iPhone
		AppStore|iPhone = AppStore|iPhone
	EndGlobalSection
	GlobalSection(ProjectConfigurationPlatforms) = postSolution
		{36BDEEE8-BA95-4256-8863-439C32466D7C}.Debug|Any CPU.ActiveCfg = Debug|Any CPU
		{36BDEEE8-BA95-4256-8863-439C32466D7C}.Debug|Any CPU.Build.0 = Debug|Any CPU
		{36BDEEE8-BA95-4256-8863-439C32466D7C}.Release|Any CPU.ActiveCfg = Release|Any CPU
		{36BDEEE8-BA95-4256-8863-439C32466D7C}.Release|Any CPU.Build.0 = Release|Any CPU
		{36BDEEE8-BA95-4256-8863-439C32466D7C}.Debug|iPhoneSimulator.ActiveCfg = Debug|Any CPU
		{36BDEEE8-BA95-4256-8863-439C32466D7C}.Debug|iPhoneSimulator.Build.0 = Debug|Any CPU
		{36BDEEE8-BA95-4256-8863-439C32466D7C}.Release|iPhoneSimulator.ActiveCfg = Release|Any CPU
		{36BDEEE8-BA95-4256-8863-439C32466D7C}.Release|iPhoneSimulator.Build.0 = Release|Any CPU
		{36BDEEE8-BA95-4256-8863-439C32466D7C}.Debug|iPhone.ActiveCfg = Debug|Any CPU
		{36BDEEE8-BA95-4256-8863-439C32466D7C}.Debug|iPhone.Build.0 = Debug|Any CPU
		{36BDEEE8-BA95-4256-8863-439C32466D7C}.Release|iPhone.ActiveCfg = Release|Any CPU
		{36BDEEE8-BA95-4256-8863-439C32466D7C}.Release|iPhone.Build.0 = Release|Any CPU
		{36BDEEE8-BA95-4256-8863-439C32466D7C}.Ad-Hoc|iPhone.ActiveCfg = Debug|Any CPU
		{36BDEEE8-BA95-4256-8863-439C32466D7C}.Ad-Hoc|iPhone.Build.0 = Debug|Any CPU
		{36BDEEE8-BA95-4256-8863-439C32466D7C}.AppStore|iPhone.ActiveCfg = Debug|Any CPU
		{36BDEEE8-BA95-4256-8863-439C32466D7C}.AppStore|iPhone.Build.0 = Debug|Any CPU
		{8D551604-BD47-4EB5-A81F-03A293F79724}.Debug|Any CPU.ActiveCfg = Debug|iPhoneSimulator
		{8D551604-BD47-4EB5-A81F-03A293F79724}.Debug|Any CPU.Build.0 = Debug|iPhoneSimulator
		{8D551604-BD47-4EB5-A81F-03A293F79724}.Release|Any CPU.ActiveCfg = Release|iPhoneSimulator
		{8D551604-BD47-4EB5-A81F-03A293F79724}.Release|Any CPU.Build.0 = Release|iPhoneSimulator
		{8D551604-BD47-4EB5-A81F-03A293F79724}.Debug|iPhoneSimulator.ActiveCfg = Debug|iPhoneSimulator
		{8D551604-BD47-4EB5-A81F-03A293F79724}.Debug|iPhoneSimulator.Build.0 = Debug|iPhoneSimulator
		{8D551604-BD47-4EB5-A81F-03A293F79724}.Release|iPhoneSimulator.ActiveCfg = Release|iPhoneSimulator
		{8D551604-BD47-4EB5-A81F-03A293F79724}.Release|iPhoneSimulator.Build.0 = Release|iPhoneSimulator
		{8D551604-BD47-4EB5-A81F-03A293F79724}.Debug|iPhone.ActiveCfg = Debug|iPhone
		{8D551604-BD47-4EB5-A81F-03A293F79724}.Debug|iPhone.Build.0 = Debug|iPhone
		{8D551604-BD47-4EB5-A81F-03A293F79724}.Release|iPhone.ActiveCfg = Release|iPhone
		{8D551604-BD47-4EB5-A81F-03A293F79724}.Release|iPhone.Build.0 = Release|iPhone
		{8D551604-BD47-4EB5-A81F-03A293F79724}.Ad-Hoc|iPhone.ActiveCfg = Ad-Hoc|iPhone
		{8D551604-BD47-4EB5-A81F-03A293F79724}.Ad-Hoc|iPhone.Build.0 = Ad-Hoc|iPhone
		{8D551604-BD47-4EB5-A81F-03A293F79724}.AppStore|iPhone.ActiveCfg = AppStore|iPhone
		{8D551604-BD47-4EB5-A81F-03A293F79724}.AppStore|iPhone.Build.0 = AppStore|iPhone
		{3F920532-8D5F-406C-9D92-DE96A945603F}.Debug|Any CPU.ActiveCfg = Debug|Any CPU
		{3F920532-8D5F-406C-9D92-DE96A945603F}.Debug|Any CPU.Build.0 = Debug|Any CPU
		{3F920532-8D5F-406C-9D92-DE96A945603F}.Release|Any CPU.ActiveCfg = Release|Any CPU
		{3F920532-8D5F-406C-9D92-DE96A945603F}.Release|Any CPU.Build.0 = Release|Any CPU
		{3F920532-8D5F-406C-9D92-DE96A945603F}.Debug|iPhoneSimulator.ActiveCfg = Debug|Any CPU
		{3F920532-8D5F-406C-9D92-DE96A945603F}.Debug|iPhoneSimulator.Build.0 = Debug|Any CPU
		{3F920532-8D5F-406C-9D92-DE96A945603F}.Release|iPhoneSimulator.ActiveCfg = Release|Any CPU
		{3F920532-8D5F-406C-9D92-DE96A945603F}.Release|iPhoneSimulator.Build.0 = Release|Any CPU
		{3F920532-8D5F-406C-9D92-DE96A945603F}.Debug|iPhone.ActiveCfg = Debug|Any CPU
		{3F920532-8D5F-406C-9D92-DE96A945603F}.Debug|iPhone.Build.0 = Debug|Any CPU
		{3F920532-8D5F-406C-9D92-DE96A945603F}.Release|iPhone.ActiveCfg = Release|Any CPU
		{3F920532-8D5F-406C-9D92-DE96A945603F}.Release|iPhone.Build.0 = Release|Any CPU
		{3F920532-8D5F-406C-9D92-DE96A945603F}.Ad-Hoc|iPhone.ActiveCfg = Debug|Any CPU
		{3F920532-8D5F-406C-9D92-DE96A945603F}.Ad-Hoc|iPhone.Build.0 = Debug|Any CPU
		{3F920532-8D5F-406C-9D92-DE96A945603F}.AppStore|iPhone.ActiveCfg = Debug|Any CPU
		{3F920532-8D5F-406C-9D92-DE96A945603F}.AppStore|iPhone.Build.0 = Debug|Any CPU
	EndGlobalSection
EndGlobal
